
Microsoft Visual Studio Solution File, Format Version 12.00
# Visual Studio Version 17
VisualStudioVersion = 17.5.33414.496
MinimumVisualStudioVersion = 10.0.40219.1
Project("{FAE04EC0-301F-11D3-BF4B-00C04F79EFBC}") = "Project", "Project.csproj", "{430BD4F2-4CA9-4714-9079-144C300C562C}"
EndProject
Global
	GlobalSection(SolutionConfigurationPlatforms) = preSolution
		Debug|Any CPU = Debug|Any CPU
		Release|Any CPU = Release|Any CPU
	EndGlobalSection
	GlobalSection(ProjectConfigurationPlatforms) = postSolution
		{430BD4F2-4CA9-4714-9079-144C300C562C}.Debug|Any CPU.ActiveCfg = Debug|Any CPU
		{430BD4F2-4CA9-4714-9079-144C300C562C}.Debug|Any CPU.Build.0 = Debug|Any CPU
		{430BD4F2-4CA9-4714-9079-144C300C562C}.Release|Any CPU.ActiveCfg = Release|Any CPU
		{430BD4F2-4CA9-4714-9079-144C300C562C}.Release|Any CPU.Build.0 = Release|Any CPU
	EndGlobalSection
	GlobalSection(SolutionProperties) = preSolution
		HideSolutionNode = FALSE
	EndGlobalSection
	GlobalSection(ExtensibilityGlobals) = postSolution
		SolutionGuid = {D4D6AB77-9959-404B-BE83-32EED493526A}
	EndGlobalSection
EndGlobal
